// !$*UTF8*$!
{
	archiveVersion = 1;
	classes = {
	};
	objectVersion = 56;
	objects = {

/* Begin PBXBuildFile section */
		3D6BF1E929EAD3810040C632 /* YoungStarsAppApp.swift in Sources */ = {isa = PBXBuildFile; fileRef = 3D6BF1E829EAD3810040C632 /* YoungStarsAppApp.swift */; };
		3D6BF1EB29EAD3810040C632 /* ContentView.swift in Sources */ = {isa = PBXBuildFile; fileRef = 3D6BF1EA29EAD3810040C632 /* ContentView.swift */; };
		3D6BF1ED29EAD3820040C632 /* Assets.xcassets in Resources */ = {isa = PBXBuildFile; fileRef = 3D6BF1EC29EAD3820040C632 /* Assets.xcassets */; };
		3D6BF1F029EAD3820040C632 /* Preview Assets.xcassets in Resources */ = {isa = PBXBuildFile; fileRef = 3D6BF1EF29EAD3820040C632 /* Preview Assets.xcassets */; };
		3DE0CBF129F8E50500CBA8BD /* Question.swift in Sources */ = {isa = PBXBuildFile; fileRef = 3DE0CBF029F8E50500CBA8BD /* Question.swift */; };
		3DE0CBF329F8EFDD00CBA8BD /* Game.swift in Sources */ = {isa = PBXBuildFile; fileRef = 3DE0CBF229F8EFDD00CBA8BD /* Game.swift */; };
		3DE0CBF929F8FD8200CBA8BD /* GameColor.swift in Sources */ = {isa = PBXBuildFile; fileRef = 3DE0CBF829F8FD8200CBA8BD /* GameColor.swift */; };
		3DE0CBFB29F9006F00CBA8BD /* WelcomeView.swift in Sources */ = {isa = PBXBuildFile; fileRef = 3DE0CBFA29F9006F00CBA8BD /* WelcomeView.swift */; };
		3DE0CBFD29F902B700CBA8BD /* BottomTextView.swift in Sources */ = {isa = PBXBuildFile; fileRef = 3DE0CBFC29F902B700CBA8BD /* BottomTextView.swift */; };
		3DE0CBFF29F9034900CBA8BD /* ChoiceTextView.swift in Sources */ = {isa = PBXBuildFile; fileRef = 3DE0CBFE29F9034900CBA8BD /* ChoiceTextView.swift */; };
		3DE0CC0129F903C300CBA8BD /* GameView.swift in Sources */ = {isa = PBXBuildFile; fileRef = 3DE0CC0029F903C300CBA8BD /* GameView.swift */; };
		3DE0CC0329F9043000CBA8BD /* GameViewModel.swift in Sources */ = {isa = PBXBuildFile; fileRef = 3DE0CC0229F9043000CBA8BD /* GameViewModel.swift */; };
		3DE0CC0529F906E400CBA8BD /* ScoreViewModel.swift in Sources */ = {isa = PBXBuildFile; fileRef = 3DE0CC0429F906E400CBA8BD /* ScoreViewModel.swift */; };
		3DE0CC0729F90AD300CBA8BD /* QuestionView.swift in Sources */ = {isa = PBXBuildFile; fileRef = 3DE0CC0629F90AD300CBA8BD /* QuestionView.swift */; };
		3DE0CC0929F915B800CBA8BD /* ScoreView.swift in Sources */ = {isa = PBXBuildFile; fileRef = 3DE0CC0829F915B800CBA8BD /* ScoreView.swift */; };
/* End PBXBuildFile section */

/* Begin PBXFileReference section */
		3D6BF1E529EAD3810040C632 /* YoungStarsApp.app */ = {isa = PBXFileReference; explicitFileType = wrapper.application; includeInIndex = 0; path = YoungStarsApp.app; sourceTree = BUILT_PRODUCTS_DIR; };
		3D6BF1E829EAD3810040C632 /* YoungStarsAppApp.swift */ = {isa = PBXFileReference; lastKnownFileType = sourcecode.swift; path = YoungStarsAppApp.swift; sourceTree = "<group>"; };
		3D6BF1EA29EAD3810040C632 /* ContentView.swift */ = {isa = PBXFileReference; lastKnownFileType = sourcecode.swift; path = ContentView.swift; sourceTree = "<group>"; };
		3D6BF1EC29EAD3820040C632 /* Assets.xcassets */ = {isa = PBXFileReference; lastKnownFileType = folder.assetcatalog; path = Assets.xcassets; sourceTree = "<group>"; };
		3D6BF1EF29EAD3820040C632 /* Preview Assets.xcassets */ = {isa = PBXFileReference; lastKnownFileType = folder.assetcatalog; path = "Preview Assets.xcassets"; sourceTree = "<group>"; };
		3DE0CBF029F8E50500CBA8BD /* Question.swift */ = {isa = PBXFileReference; lastKnownFileType = sourcecode.swift; path = Question.swift; sourceTree = "<group>"; };
		3DE0CBF229F8EFDD00CBA8BD /* Game.swift */ = {isa = PBXFileReference; lastKnownFileType = sourcecode.swift; path = Game.swift; sourceTree = "<group>"; };
		3DE0CBF829F8FD8200CBA8BD /* GameColor.swift */ = {isa = PBXFileReference; lastKnownFileType = sourcecode.swift; path = GameColor.swift; sourceTree = "<group>"; };
		3DE0CBFA29F9006F00CBA8BD /* WelcomeView.swift */ = {isa = PBXFileReference; lastKnownFileType = sourcecode.swift; path = WelcomeView.swift; sourceTree = "<group>"; };
		3DE0CBFC29F902B700CBA8BD /* BottomTextView.swift */ = {isa = PBXFileReference; lastKnownFileType = sourcecode.swift; path = BottomTextView.swift; sourceTree = "<group>"; };
		3DE0CBFE29F9034900CBA8BD /* ChoiceTextView.swift */ = {isa = PBXFileReference; lastKnownFileType = sourcecode.swift; path = ChoiceTextView.swift; sourceTree = "<group>"; };
		3DE0CC0029F903C300CBA8BD /* GameView.swift */ = {isa = PBXFileReference; lastKnownFileType = sourcecode.swift; path = GameView.swift; sourceTree = "<group>"; };
		3DE0CC0229F9043000CBA8BD /* GameViewModel.swift */ = {isa = PBXFileReference; lastKnownFileType = sourcecode.swift; path = GameViewModel.swift; sourceTree = "<group>"; };
		3DE0CC0429F906E400CBA8BD /* ScoreViewModel.swift */ = {isa = PBXFileReference; lastKnownFileType = sourcecode.swift; path = ScoreViewModel.swift; sourceTree = "<group>"; };
		3DE0CC0629F90AD300CBA8BD /* QuestionView.swift */ = {isa = PBXFileReference; lastKnownFileType = sourcecode.swift; path = QuestionView.swift; sourceTree = "<group>"; };
		3DE0CC0829F915B800CBA8BD /* ScoreView.swift */ = {isa = PBXFileReference; lastKnownFileType = sourcecode.swift; path = ScoreView.swift; sourceTree = "<group>"; };
/* End PBXFileReference section */

/* Begin PBXFrameworksBuildPhase section */
		3D6BF1E229EAD3810040C632 /* Frameworks */ = {
			isa = PBXFrameworksBuildPhase;
			buildActionMask = 2147483647;
			files = (
			);
			runOnlyForDeploymentPostprocessing = 0;
		};
/* End PBXFrameworksBuildPhase section */

/* Begin PBXGroup section */
		3D6BF1DC29EAD3810040C632 = {
			isa = PBXGroup;
			children = (
				3D6BF1E729EAD3810040C632 /* YoungStarsApp */,
				3D6BF1E629EAD3810040C632 /* Products */,
			);
			sourceTree = "<group>";
		};
		3D6BF1E629EAD3810040C632 /* Products */ = {
			isa = PBXGroup;
			children = (
				3D6BF1E529EAD3810040C632 /* YoungStarsApp.app */,
			);
			name = Products;
			sourceTree = "<group>";
		};
		3D6BF1E729EAD3810040C632 /* YoungStarsApp */ = {
			isa = PBXGroup;
			children = (
				3D6BF1E829EAD3810040C632 /* YoungStarsAppApp.swift */,
				3DE0CBEF29F8E4CE00CBA8BD /* ViewModels */,
				3DE0CBEE29F8E4C900CBA8BD /* Views */,
				3DE0CBED29F8E4C200CBA8BD /* Models */,
				3D6BF1EA29EAD3810040C632 /* ContentView.swift */,
				3D6BF1EC29EAD3820040C632 /* Assets.xcassets */,
				3D6BF1EE29EAD3820040C632 /* Preview Content */,
			);
			path = YoungStarsApp;
			sourceTree = "<group>";
		};
		3D6BF1EE29EAD3820040C632 /* Preview Content */ = {
			isa = PBXGroup;
			children = (
				3D6BF1EF29EAD3820040C632 /* Preview Assets.xcassets */,
			);
			path = "Preview Content";
			sourceTree = "<group>";
		};
		3DE0CBED29F8E4C200CBA8BD /* Models */ = {
			isa = PBXGroup;
			children = (
				3DE0CBF029F8E50500CBA8BD /* Question.swift */,
				3DE0CBF229F8EFDD00CBA8BD /* Game.swift */,
			);
			path = Models;
			sourceTree = "<group>";
		};
		3DE0CBEE29F8E4C900CBA8BD /* Views */ = {
			isa = PBXGroup;
			children = (
				3DE0CBF829F8FD8200CBA8BD /* GameColor.swift */,
				3DE0CBFA29F9006F00CBA8BD /* WelcomeView.swift */,
				3DE0CBFC29F902B700CBA8BD /* BottomTextView.swift */,
				3DE0CBFE29F9034900CBA8BD /* ChoiceTextView.swift */,
				3DE0CC0029F903C300CBA8BD /* GameView.swift */,
				3DE0CC0629F90AD300CBA8BD /* QuestionView.swift */,
				3DE0CC0829F915B800CBA8BD /* ScoreView.swift */,
			);
			path = Views;
			sourceTree = "<group>";
		};
		3DE0CBEF29F8E4CE00CBA8BD /* ViewModels */ = {
			isa = PBXGroup;
			children = (
				3DE0CC0229F9043000CBA8BD /* GameViewModel.swift */,
				3DE0CC0429F906E400CBA8BD /* ScoreViewModel.swift */,
			);
			path = ViewModels;
			sourceTree = "<group>";
		};
/* End PBXGroup section */

/* Begin PBXNativeTarget section */
		3D6BF1E429EAD3810040C632 /* YoungStarsApp */ = {
			isa = PBXNativeTarget;
			buildConfigurationList = 3D6BF1F329EAD3830040C632 /* Build configuration list for PBXNativeTarget "YoungStarsApp" */;
			buildPhases = (
				3D6BF1E129EAD3810040C632 /* Sources */,
				3D6BF1E229EAD3810040C632 /* Frameworks */,
				3D6BF1E329EAD3810040C632 /* Resources */,
			);
			buildRules = (
			);
			dependencies = (
			);
			name = YoungStarsApp;
			productName = YoungStarsApp;
			productReference = 3D6BF1E529EAD3810040C632 /* YoungStarsApp.app */;
			productType = "com.apple.product-type.application";
		};
/* End PBXNativeTarget section */

/* Begin PBXProject section */
		3D6BF1DD29EAD3810040C632 /* Project object */ = {
			isa = PBXProject;
			attributes = {
				BuildIndependentTargetsInParallel = 1;
				LastSwiftUpdateCheck = 1430;
				LastUpgradeCheck = 1430;
				TargetAttributes = {
					3D6BF1E429EAD3810040C632 = {
						CreatedOnToolsVersion = 14.3;
					};
				};
			};
			buildConfigurationList = 3D6BF1E029EAD3810040C632 /* Build configuration list for PBXProject "YoungStarsApp" */;
			compatibilityVersion = "Xcode 14.0";
			developmentRegion = en;
			hasScannedForEncodings = 0;
			knownRegions = (
				en,
				Base,
			);
			mainGroup = 3D6BF1DC29EAD3810040C632;
			productRefGroup = 3D6BF1E629EAD3810040C632 /* Products */;
			projectDirPath = "";
			projectRoot = "";
			targets = (
				3D6BF1E429EAD3810040C632 /* YoungStarsApp */,
			);
		};
/* End PBXProject section */

/* Begin PBXResourcesBuildPhase section */
		3D6BF1E329EAD3810040C632 /* Resources */ = {
			isa = PBXResourcesBuildPhase;
			buildActionMask = 2147483647;
			files = (
				3D6BF1F029EAD3820040C632 /* Preview Assets.xcassets in Resources */,
				3D6BF1ED29EAD3820040C632 /* Assets.xcassets in Resources */,
			);
			runOnlyForDeploymentPostprocessing = 0;
		};
/* End PBXResourcesBuildPhase section */

/* Begin PBXSourcesBuildPhase section */
		3D6BF1E129EAD3810040C632 /* Sources */ = {
			isa = PBXSourcesBuildPhase;
			buildActionMask = 2147483647;
			files = (
				3DE0CC0529F906E400CBA8BD /* ScoreViewModel.swift in Sources */,
				3DE0CBFD29F902B700CBA8BD /* BottomTextView.swift in Sources */,
				3DE0CBF129F8E50500CBA8BD /* Question.swift in Sources */,
				3DE0CBFF29F9034900CBA8BD /* ChoiceTextView.swift in Sources */,
				3DE0CC0729F90AD300CBA8BD /* QuestionView.swift in Sources */,
				3DE0CBFB29F9006F00CBA8BD /* WelcomeView.swift in Sources */,
				3DE0CC0129F903C300CBA8BD /* GameView.swift in Sources */,
				3DE0CBF929F8FD8200CBA8BD /* GameColor.swift in Sources */,
				3D6BF1EB29EAD3810040C632 /* ContentView.swift in Sources */,
				3D6BF1E929EAD3810040C632 /* YoungStarsAppApp.swift in Sources */,
				3DE0CC0329F9043000CBA8BD /* GameViewModel.swift in Sources */,
				3DE0CC0929F915B800CBA8BD /* ScoreView.swift in Sources */,
				3DE0CBF329F8EFDD00CBA8BD /* Game.swift in Sources */,
			);
			runOnlyForDeploymentPostprocessing = 0;
		};
/* End PBXSourcesBuildPhase section */

/* Begin XCBuildConfiguration section */
		3D6BF1F129EAD3820040C632 /* Debug */ = {
			isa = XCBuildConfiguration;
			buildSettings = {
				ALWAYS_SEARCH_USER_PATHS = NO;
				CLANG_ANALYZER_NONNULL = YES;
				CLANG_ANALYZER_NUMBER_OBJECT_CONVERSION = YES_AGGRESSIVE;
				CLANG_CXX_LANGUAGE_STANDARD = "gnu++20";
				CLANG_ENABLE_MODULES = YES;
				CLANG_ENABLE_OBJC_ARC = YES;
				CLANG_ENABLE_OBJC_WEAK = YES;
				CLANG_WARN_BLOCK_CAPTURE_AUTORELEASING = YES;
				CLANG_WARN_BOOL_CONVERSION = YES;
				CLANG_WARN_COMMA = YES;
				CLANG_WARN_CONSTANT_CONVERSION = YES;
				CLANG_WARN_DEPRECATED_OBJC_IMPLEMENTATIONS = YES;
				CLANG_WARN_DIRECT_OBJC_ISA_USAGE = YES_ERROR;
				CLANG_WARN_DOCUMENTATION_COMMENTS = YES;
				CLANG_WARN_EMPTY_BODY = YES;
				CLANG_WARN_ENUM_CONVERSION = YES;
				CLANG_WARN_INFINITE_RECURSION = YES;
				CLANG_WARN_INT_CONVERSION = YES;
				CLANG_WARN_NON_LITERAL_NULL_CONVERSION = YES;
				CLANG_WARN_OBJC_IMPLICIT_RETAIN_SELF = YES;
				CLANG_WARN_OBJC_LITERAL_CONVERSION = YES;
				CLANG_WARN_OBJC_ROOT_CLASS = YES_ERROR;
				CLANG_WARN_QUOTED_INCLUDE_IN_FRAMEWORK_HEADER = YES;
				CLANG_WARN_RANGE_LOOP_ANALYSIS = YES;
				CLANG_WARN_STRICT_PROTOTYPES = YES;
				CLANG_WARN_SUSPICIOUS_MOVE = YES;
				CLANG_WARN_UNGUARDED_AVAILABILITY = YES_AGGRESSIVE;
				CLANG_WARN_UNREACHABLE_CODE = YES;
				CLANG_WARN__DUPLICATE_METHOD_MATCH = YES;
				COPY_PHASE_STRIP = NO;
				DEBUG_INFORMATION_FORMAT = dwarf;
				ENABLE_STRICT_OBJC_MSGSEND = YES;
				ENABLE_TESTABILITY = YES;
				GCC_C_LANGUAGE_STANDARD = gnu11;
				GCC_DYNAMIC_NO_PIC = NO;
				GCC_NO_COMMON_BLOCKS = YES;
				GCC_OPTIMIZATION_LEVEL = 0;
				GCC_PREPROCESSOR_DEFINITIONS = (
					"DEBUG=1",
					"$(inherited)",
				);
				GCC_WARN_64_TO_32_BIT_CONVERSION = YES;
				GCC_WARN_ABOUT_RETURN_TYPE = YES_ERROR;
				GCC_WARN_UNDECLARED_SELECTOR = YES;
				GCC_WARN_UNINITIALIZED_AUTOS = YES_AGGRESSIVE;
				GCC_WARN_UNUSED_FUNCTION = YES;
				GCC_WARN_UNUSED_VARIABLE = YES;
				IPHONEOS_DEPLOYMENT_TARGET = 16.4;
				MTL_ENABLE_DEBUG_INFO = INCLUDE_SOURCE;
				MTL_FAST_MATH = YES;
				ONLY_ACTIVE_ARCH = YES;
				SDKROOT = iphoneos;
				SWIFT_ACTIVE_COMPILATION_CONDITIONS = DEBUG;
				SWIFT_OPTIMIZATION_LEVEL = "-Onone";
			};
			name = Debug;
		};
		3D6BF1F229EAD3820040C632 /* Release */ = {
			isa = XCBuildConfiguration;
			buildSettings = {
				ALWAYS_SEARCH_USER_PATHS = NO;
				CLANG_ANALYZER_NONNULL = YES;
				CLANG_ANALYZER_NUMBER_OBJECT_CONVERSION = YES_AGGRESSIVE;
				CLANG_CXX_LANGUAGE_STANDARD = "gnu++20";
				CLANG_ENABLE_MODULES = YES;
				CLANG_ENABLE_OBJC_ARC = YES;
				CLANG_ENABLE_OBJC_WEAK = YES;
				CLANG_WARN_BLOCK_CAPTURE_AUTORELEASING = YES;
				CLANG_WARN_BOOL_CONVERSION = YES;
				CLANG_WARN_COMMA = YES;
				CLANG_WARN_CONSTANT_CONVERSION = YES;
				CLANG_WARN_DEPRECATED_OBJC_IMPLEMENTATIONS = YES;
				CLANG_WARN_DIRECT_OBJC_ISA_USAGE = YES_ERROR;
				CLANG_WARN_DOCUMENTATION_COMMENTS = YES;
				CLANG_WARN_EMPTY_BODY = YES;
				CLANG_WARN_ENUM_CONVERSION = YES;
				CLANG_WARN_INFINITE_RECURSION = YES;
				CLANG_WARN_INT_CONVERSION = YES;
				CLANG_WARN_NON_LITERAL_NULL_CONVERSION = YES;
				CLANG_WARN_OBJC_IMPLICIT_RETAIN_SELF = YES;
				CLANG_WARN_OBJC_LITERAL_CONVERSION = YES;
				CLANG_WARN_OBJC_ROOT_CLASS = YES_ERROR;
				CLANG_WARN_QUOTED_INCLUDE_IN_FRAMEWORK_HEADER = YES;
				CLANG_WARN_RANGE_LOOP_ANALYSIS = YES;
				CLANG_WARN_STRICT_PROTOTYPES = YES;
				CLANG_WARN_SUSPICIOUS_MOVE = YES;
				CLANG_WARN_UNGUARDED_AVAILABILITY = YES_AGGRESSIVE;
				CLANG_WARN_UNREACHABLE_CODE = YES;
				CLANG_WARN__DUPLICATE_METHOD_MATCH = YES;
				COPY_PHASE_STRIP = NO;
				DEBUG_INFORMATION_FORMAT = "dwarf-with-dsym";
				ENABLE_NS_ASSERTIONS = NO;
				ENABLE_STRICT_OBJC_MSGSEND = YES;
				GCC_C_LANGUAGE_STANDARD = gnu11;
				GCC_NO_COMMON_BLOCKS = YES;
				GCC_WARN_64_TO_32_BIT_CONVERSION = YES;
				GCC_WARN_ABOUT_RETURN_TYPE = YES_ERROR;
				GCC_WARN_UNDECLARED_SELECTOR = YES;
				GCC_WARN_UNINITIALIZED_AUTOS = YES_AGGRESSIVE;
				GCC_WARN_UNUSED_FUNCTION = YES;
				GCC_WARN_UNUSED_VARIABLE = YES;
				IPHONEOS_DEPLOYMENT_TARGET = 16.4;
				MTL_ENABLE_DEBUG_INFO = NO;
				MTL_FAST_MATH = YES;
				SDKROOT = iphoneos;
				SWIFT_COMPILATION_MODE = wholemodule;
				SWIFT_OPTIMIZATION_LEVEL = "-O";
				VALIDATE_PRODUCT = YES;
			};
			name = Release;
		};
		3D6BF1F429EAD3830040C632 /* Debug */ = {
			isa = XCBuildConfiguration;
			buildSettings = {
				ASSETCATALOG_COMPILER_APPICON_NAME = AppIcon;
				ASSETCATALOG_COMPILER_GLOBAL_ACCENT_COLOR_NAME = AccentColor;
				CODE_SIGN_STYLE = Automatic;
				CURRENT_PROJECT_VERSION = 1;
				DEVELOPMENT_ASSET_PATHS = "\"YoungStarsApp/Preview Content\"";
				DEVELOPMENT_TEAM = VJFD5DRS6S;
				ENABLE_PREVIEWS = YES;
				GENERATE_INFOPLIST_FILE = YES;
				INFOPLIST_KEY_UIApplicationSceneManifest_Generation = YES;
				INFOPLIST_KEY_UIApplicationSupportsIndirectInputEvents = YES;
				INFOPLIST_KEY_UILaunchScreen_Generation = YES;
				INFOPLIST_KEY_UISupportedInterfaceOrientations_iPad = "UIInterfaceOrientationPortrait UIInterfaceOrientationPortraitUpsideDown UIInterfaceOrientationLandscapeLeft UIInterfaceOrientationLandscapeRight";
				INFOPLIST_KEY_UISupportedInterfaceOrientations_iPhone = "UIInterfaceOrientationPortrait UIInterfaceOrientationLandscapeLeft UIInterfaceOrientationLandscapeRight";
				LD_RUNPATH_SEARCH_PATHS = (
					"$(inherited)",
					"@executable_path/Frameworks",
				);
				MARKETING_VERSION = 1.0;
				PRODUCT_BUNDLE_IDENTIFIER = com.seattle.ai.YoungStarsApp;
				PRODUCT_NAME = "$(TARGET_NAME)";
				SWIFT_EMIT_LOC_STRINGS = YES;
				SWIFT_VERSION = 5.0;
				TARGETED_DEVICE_FAMILY = "1,2";
			};
			name = Debug;
		};
		3D6BF1F529EAD3830040C632 /* Release */ = {
			isa = XCBuildConfiguration;
			buildSettings = {
				ASSETCATALOG_COMPILER_APPICON_NAME = AppIcon;
				ASSETCATALOG_COMPILER_GLOBAL_ACCENT_COLOR_NAME = AccentColor;
				CODE_SIGN_STYLE = Automatic;
				CURRENT_PROJECT_VERSION = 1;
				DEVELOPMENT_ASSET_PATHS = "\"YoungStarsApp/Preview Content\"";
				DEVELOPMENT_TEAM = VJFD5DRS6S;
				ENABLE_PREVIEWS = YES;
				GENERATE_INFOPLIST_FILE = YES;
				INFOPLIST_KEY_UIApplicationSceneManifest_Generation = YES;
				INFOPLIST_KEY_UIApplicationSupportsIndirectInputEvents = YES;
				INFOPLIST_KEY_UILaunchScreen_Generation = YES;
				INFOPLIST_KEY_UISupportedInterfaceOrientations_iPad = "UIInterfaceOrientationPortrait UIInterfaceOrientationPortraitUpsideDown UIInterfaceOrientationLandscapeLeft UIInterfaceOrientationLandscapeRight";
				INFOPLIST_KEY_UISupportedInterfaceOrientations_iPhone = "UIInterfaceOrientationPortrait UIInterfaceOrientationLandscapeLeft UIInterfaceOrientationLandscapeRight";
				LD_RUNPATH_SEARCH_PATHS = (
					"$(inherited)",
					"@executable_path/Frameworks",
				);
				MARKETING_VERSION = 1.0;
				PRODUCT_BUNDLE_IDENTIFIER = com.seattle.ai.YoungStarsApp;
				PRODUCT_NAME = "$(TARGET_NAME)";
				SWIFT_EMIT_LOC_STRINGS = YES;
				SWIFT_VERSION = 5.0;
				TARGETED_DEVICE_FAMILY = "1,2";
			};
			name = Release;
		};
/* End XCBuildConfiguration section */

/* Begin XCConfigurationList section */
		3D6BF1E029EAD3810040C632 /* Build configuration list for PBXProject "YoungStarsApp" */ = {
			isa = XCConfigurationList;
			buildConfigurations = (
				3D6BF1F129EAD3820040C632 /* Debug */,
				3D6BF1F229EAD3820040C632 /* Release */,
			);
			defaultConfigurationIsVisible = 0;
			defaultConfigurationName = Release;
		};
		3D6BF1F329EAD3830040C632 /* Build configuration list for PBXNativeTarget "YoungStarsApp" */ = {
			isa = XCConfigurationList;
			buildConfigurations = (
				3D6BF1F429EAD3830040C632 /* Debug */,
				3D6BF1F529EAD3830040C632 /* Release */,
			);
			defaultConfigurationIsVisible = 0;
			defaultConfigurationName = Release;
		};
/* End XCConfigurationList section */
	};
	rootObject = 3D6BF1DD29EAD3810040C632 /* Project object */;
}
