// !$*UTF8*$!
{
	archiveVersion = 1;
	classes = {
	};
	objectVersion = 56;
	objects = {

/* Begin PBXBuildFile section */
		3D1DBDA42AA8925C004AAC8F /* AppDelegate.swift in Sources */ = {isa = PBXBuildFile; fileRef = 3D1DBDA32AA8925C004AAC8F /* AppDelegate.swift */; };
		3D1DBDA62AA8925C004AAC8F /* SceneDelegate.swift in Sources */ = {isa = PBXBuildFile; fileRef = 3D1DBDA52AA8925C004AAC8F /* SceneDelegate.swift */; };
		3D1DBDA82AA8925C004AAC8F /* HomeViewController.swift in Sources */ = {isa = PBXBuildFile; fileRef = 3D1DBDA72AA8925C004AAC8F /* HomeViewController.swift */; };
		3D1DBDAB2AA8925C004AAC8F /* Main.storyboard in Resources */ = {isa = PBXBuildFile; fileRef = 3D1DBDA92AA8925C004AAC8F /* Main.storyboard */; };
		3D1DBDAD2AA8925D004AAC8F /* Assets.xcassets in Resources */ = {isa = PBXBuildFile; fileRef = 3D1DBDAC2AA8925D004AAC8F /* Assets.xcassets */; };
		3D1DBDB02AA8925D004AAC8F /* LaunchScreen.storyboard in Resources */ = {isa = PBXBuildFile; fileRef = 3D1DBDAE2AA8925D004AAC8F /* LaunchScreen.storyboard */; };
		3D1DBDC02AA89832004AAC8F /* ExploreViewController.swift in Sources */ = {isa = PBXBuildFile; fileRef = 3D1DBDBF2AA89832004AAC8F /* ExploreViewController.swift */; };
		3D1DBDC22AA8983C004AAC8F /* CameraViewController.swift in Sources */ = {isa = PBXBuildFile; fileRef = 3D1DBDC12AA8983C004AAC8F /* CameraViewController.swift */; };
		3D1DBDC42AA8984D004AAC8F /* NotificationsViewController.swift in Sources */ = {isa = PBXBuildFile; fileRef = 3D1DBDC32AA8984D004AAC8F /* NotificationsViewController.swift */; };
		3D1DBDC62AA89859004AAC8F /* ProfileViewController.swift in Sources */ = {isa = PBXBuildFile; fileRef = 3D1DBDC52AA89859004AAC8F /* ProfileViewController.swift */; };
		3D1DBDCB2AA898C2004AAC8F /* LoginViewController.swift in Sources */ = {isa = PBXBuildFile; fileRef = 3D1DBDCA2AA898C2004AAC8F /* LoginViewController.swift */; };
		3D1DBDCD2AA898D8004AAC8F /* RegistrationViewController.swift in Sources */ = {isa = PBXBuildFile; fileRef = 3D1DBDCC2AA898D8004AAC8F /* RegistrationViewController.swift */; };
		3D1DBDCF2AA898F8004AAC8F /* PostViewController.swift in Sources */ = {isa = PBXBuildFile; fileRef = 3D1DBDCE2AA898F8004AAC8F /* PostViewController.swift */; };
		3D1DBDD12AA8990F004AAC8F /* EditProfileViewController.swift in Sources */ = {isa = PBXBuildFile; fileRef = 3D1DBDD02AA8990F004AAC8F /* EditProfileViewController.swift */; };
		3D1DBDD32AA8993A004AAC8F /* SettingsViewController.swift in Sources */ = {isa = PBXBuildFile; fileRef = 3D1DBDD22AA8993A004AAC8F /* SettingsViewController.swift */; };
		3D1DBDD52AA89946004AAC8F /* ListViewController.swift in Sources */ = {isa = PBXBuildFile; fileRef = 3D1DBDD42AA89946004AAC8F /* ListViewController.swift */; };
		3D1DBDD72AA8994F004AAC8F /* SearchViewController.swift in Sources */ = {isa = PBXBuildFile; fileRef = 3D1DBDD62AA8994F004AAC8F /* SearchViewController.swift */; };
		3D1DBDD92AA89961004AAC8F /* SearchResultViewController.swift in Sources */ = {isa = PBXBuildFile; fileRef = 3D1DBDD82AA89961004AAC8F /* SearchResultViewController.swift */; };
		3D1DBDDB2AA8998A004AAC8F /* PostEditorViewController.swift in Sources */ = {isa = PBXBuildFile; fileRef = 3D1DBDDA2AA8998A004AAC8F /* PostEditorViewController.swift */; };
		3D1DBDDD2AA8999E004AAC8F /* PublishPostViewController.swift in Sources */ = {isa = PBXBuildFile; fileRef = 3D1DBDDC2AA8999E004AAC8F /* PublishPostViewController.swift */; };
		3D4F13ED2AAEC15300208A99 /* UserFollowTableViewCell.swift in Sources */ = {isa = PBXBuildFile; fileRef = 3D4F13EC2AAEC15300208A99 /* UserFollowTableViewCell.swift */; };
		3D4F13EF2AAEE8EC00208A99 /* NoNotificationView.swift in Sources */ = {isa = PBXBuildFile; fileRef = 3D4F13EE2AAEE8EC00208A99 /* NoNotificationView.swift */; };
		3D4F13F22AAEF25A00208A99 /* NotificationFollowEventTableViewCell.swift in Sources */ = {isa = PBXBuildFile; fileRef = 3D4F13F12AAEF25A00208A99 /* NotificationFollowEventTableViewCell.swift */; };
		3D4F13F42AAEF26D00208A99 /* NotificationLikeEventTableViewCell.swift in Sources */ = {isa = PBXBuildFile; fileRef = 3D4F13F32AAEF26D00208A99 /* NotificationLikeEventTableViewCell.swift */; };
		3D92024B2B1F19E700CB6805 /* GoogleService-Info.plist in Resources */ = {isa = PBXBuildFile; fileRef = 3D92024A2B1F19E700CB6805 /* GoogleService-Info.plist */; };
		3DD281692AA9481C0092A941 /* Extensions.swift in Sources */ = {isa = PBXBuildFile; fileRef = 3DD281682AA9481C0092A941 /* Extensions.swift */; };
		3DD2816C2AAB48AD0092A941 /* IGFeedPostTableViewCell.swift in Sources */ = {isa = PBXBuildFile; fileRef = 3DD2816B2AAB48AD0092A941 /* IGFeedPostTableViewCell.swift */; };
		3DD2816F2AAB4B6A0092A941 /* IGFeedPostHeaderTableViewCell.swift in Sources */ = {isa = PBXBuildFile; fileRef = 3DD2816E2AAB4B6A0092A941 /* IGFeedPostHeaderTableViewCell.swift */; };
		3DD281712AAB4B9B0092A941 /* IGFeedPostActionsTableViewCell.swift in Sources */ = {isa = PBXBuildFile; fileRef = 3DD281702AAB4B9B0092A941 /* IGFeedPostActionsTableViewCell.swift */; };
		3DD281732AAB4C3F0092A941 /* IGFeedPostGeneralTableViewCell.swift in Sources */ = {isa = PBXBuildFile; fileRef = 3DD281722AAB4C3F0092A941 /* IGFeedPostGeneralTableViewCell.swift */; };
		3DD281752AABF6440092A941 /* FormTableViewCell.swift in Sources */ = {isa = PBXBuildFile; fileRef = 3DD281742AABF6440092A941 /* FormTableViewCell.swift */; };
		3DD281782AAC00410092A941 /* PhotoCollectionViewCell.swift in Sources */ = {isa = PBXBuildFile; fileRef = 3DD281772AAC00410092A941 /* PhotoCollectionViewCell.swift */; };
		3DD2817A2AAC00A90092A941 /* ProfileInfoHeaderCollectionReusableView.swift in Sources */ = {isa = PBXBuildFile; fileRef = 3DD281792AAC00A90092A941 /* ProfileInfoHeaderCollectionReusableView.swift */; };
		3DD2817C2AAC00EA0092A941 /* ProfileTabsCollectionReusableView.swift in Sources */ = {isa = PBXBuildFile; fileRef = 3DD2817B2AAC00EA0092A941 /* ProfileTabsCollectionReusableView.swift */; };
		3DD2817E2AACBA9A0092A941 /* Models.swift in Sources */ = {isa = PBXBuildFile; fileRef = 3DD2817D2AACBA9A0092A941 /* Models.swift */; };
		3DE7C1292AA8BAC40037EF14 /* DatabaseManager.swift in Sources */ = {isa = PBXBuildFile; fileRef = 3DE7C1282AA8BAC40037EF14 /* DatabaseManager.swift */; };
		3DE7C12B2AA8C2A60037EF14 /* AuthManager.swift in Sources */ = {isa = PBXBuildFile; fileRef = 3DE7C12A2AA8C2A60037EF14 /* AuthManager.swift */; };
		3DE7C12D2AA8C2E40037EF14 /* StorageManager.swift in Sources */ = {isa = PBXBuildFile; fileRef = 3DE7C12C2AA8C2E40037EF14 /* StorageManager.swift */; };
		9BBC88A8959F005EC50A7E2C /* Pods_Instagram.framework in Frameworks */ = {isa = PBXBuildFile; fileRef = 212DDFCFB2382682CCCE413C /* Pods_Instagram.framework */; };
/* End PBXBuildFile section */

/* Begin PBXFileReference section */
		212DDFCFB2382682CCCE413C /* Pods_Instagram.framework */ = {isa = PBXFileReference; explicitFileType = wrapper.framework; includeInIndex = 0; path = Pods_Instagram.framework; sourceTree = BUILT_PRODUCTS_DIR; };
		3D1DBDA02AA8925C004AAC8F /* Instagram.app */ = {isa = PBXFileReference; explicitFileType = wrapper.application; includeInIndex = 0; path = Instagram.app; sourceTree = BUILT_PRODUCTS_DIR; };
		3D1DBDA32AA8925C004AAC8F /* AppDelegate.swift */ = {isa = PBXFileReference; lastKnownFileType = sourcecode.swift; path = AppDelegate.swift; sourceTree = "<group>"; };
		3D1DBDA52AA8925C004AAC8F /* SceneDelegate.swift */ = {isa = PBXFileReference; lastKnownFileType = sourcecode.swift; path = SceneDelegate.swift; sourceTree = "<group>"; };
		3D1DBDA72AA8925C004AAC8F /* HomeViewController.swift */ = {isa = PBXFileReference; lastKnownFileType = sourcecode.swift; path = HomeViewController.swift; sourceTree = "<group>"; };
		3D1DBDAA2AA8925C004AAC8F /* Base */ = {isa = PBXFileReference; lastKnownFileType = file.storyboard; name = Base; path = Base.lproj/Main.storyboard; sourceTree = "<group>"; };
		3D1DBDAC2AA8925D004AAC8F /* Assets.xcassets */ = {isa = PBXFileReference; lastKnownFileType = folder.assetcatalog; path = Assets.xcassets; sourceTree = "<group>"; };
		3D1DBDAF2AA8925D004AAC8F /* Base */ = {isa = PBXFileReference; lastKnownFileType = file.storyboard; name = Base; path = Base.lproj/LaunchScreen.storyboard; sourceTree = "<group>"; };
		3D1DBDB12AA8925D004AAC8F /* Info.plist */ = {isa = PBXFileReference; lastKnownFileType = text.plist.xml; path = Info.plist; sourceTree = "<group>"; };
		3D1DBDBF2AA89832004AAC8F /* ExploreViewController.swift */ = {isa = PBXFileReference; lastKnownFileType = sourcecode.swift; path = ExploreViewController.swift; sourceTree = "<group>"; };
		3D1DBDC12AA8983C004AAC8F /* CameraViewController.swift */ = {isa = PBXFileReference; lastKnownFileType = sourcecode.swift; path = CameraViewController.swift; sourceTree = "<group>"; };
		3D1DBDC32AA8984D004AAC8F /* NotificationsViewController.swift */ = {isa = PBXFileReference; lastKnownFileType = sourcecode.swift; path = NotificationsViewController.swift; sourceTree = "<group>"; };
		3D1DBDC52AA89859004AAC8F /* ProfileViewController.swift */ = {isa = PBXFileReference; lastKnownFileType = sourcecode.swift; path = ProfileViewController.swift; sourceTree = "<group>"; };
		3D1DBDCA2AA898C2004AAC8F /* LoginViewController.swift */ = {isa = PBXFileReference; lastKnownFileType = sourcecode.swift; path = LoginViewController.swift; sourceTree = "<group>"; };
		3D1DBDCC2AA898D8004AAC8F /* RegistrationViewController.swift */ = {isa = PBXFileReference; lastKnownFileType = sourcecode.swift; path = RegistrationViewController.swift; sourceTree = "<group>"; };
		3D1DBDCE2AA898F8004AAC8F /* PostViewController.swift */ = {isa = PBXFileReference; lastKnownFileType = sourcecode.swift; path = PostViewController.swift; sourceTree = "<group>"; };
		3D1DBDD02AA8990F004AAC8F /* EditProfileViewController.swift */ = {isa = PBXFileReference; lastKnownFileType = sourcecode.swift; path = EditProfileViewController.swift; sourceTree = "<group>"; };
		3D1DBDD22AA8993A004AAC8F /* SettingsViewController.swift */ = {isa = PBXFileReference; lastKnownFileType = sourcecode.swift; path = SettingsViewController.swift; sourceTree = "<group>"; };
		3D1DBDD42AA89946004AAC8F /* ListViewController.swift */ = {isa = PBXFileReference; lastKnownFileType = sourcecode.swift; path = ListViewController.swift; sourceTree = "<group>"; };
		3D1DBDD62AA8994F004AAC8F /* SearchViewController.swift */ = {isa = PBXFileReference; lastKnownFileType = sourcecode.swift; path = SearchViewController.swift; sourceTree = "<group>"; };
		3D1DBDD82AA89961004AAC8F /* SearchResultViewController.swift */ = {isa = PBXFileReference; lastKnownFileType = sourcecode.swift; path = SearchResultViewController.swift; sourceTree = "<group>"; };
		3D1DBDDA2AA8998A004AAC8F /* PostEditorViewController.swift */ = {isa = PBXFileReference; lastKnownFileType = sourcecode.swift; path = PostEditorViewController.swift; sourceTree = "<group>"; };
		3D1DBDDC2AA8999E004AAC8F /* PublishPostViewController.swift */ = {isa = PBXFileReference; lastKnownFileType = sourcecode.swift; path = PublishPostViewController.swift; sourceTree = "<group>"; };
		3D4F13EC2AAEC15300208A99 /* UserFollowTableViewCell.swift */ = {isa = PBXFileReference; lastKnownFileType = sourcecode.swift; path = UserFollowTableViewCell.swift; sourceTree = "<group>"; };
		3D4F13EE2AAEE8EC00208A99 /* NoNotificationView.swift */ = {isa = PBXFileReference; lastKnownFileType = sourcecode.swift; path = NoNotificationView.swift; sourceTree = "<group>"; };
		3D4F13F12AAEF25A00208A99 /* NotificationFollowEventTableViewCell.swift */ = {isa = PBXFileReference; lastKnownFileType = sourcecode.swift; path = NotificationFollowEventTableViewCell.swift; sourceTree = "<group>"; };
		3D4F13F32AAEF26D00208A99 /* NotificationLikeEventTableViewCell.swift */ = {isa = PBXFileReference; lastKnownFileType = sourcecode.swift; path = NotificationLikeEventTableViewCell.swift; sourceTree = "<group>"; };
		3D92024A2B1F19E700CB6805 /* GoogleService-Info.plist */ = {isa = PBXFileReference; fileEncoding = 4; lastKnownFileType = text.plist.xml; path = "GoogleService-Info.plist"; sourceTree = "<group>"; };
		3DD281682AA9481C0092A941 /* Extensions.swift */ = {isa = PBXFileReference; lastKnownFileType = sourcecode.swift; path = Extensions.swift; sourceTree = "<group>"; };
		3DD2816B2AAB48AD0092A941 /* IGFeedPostTableViewCell.swift */ = {isa = PBXFileReference; lastKnownFileType = sourcecode.swift; path = IGFeedPostTableViewCell.swift; sourceTree = "<group>"; };
		3DD2816E2AAB4B6A0092A941 /* IGFeedPostHeaderTableViewCell.swift */ = {isa = PBXFileReference; lastKnownFileType = sourcecode.swift; path = IGFeedPostHeaderTableViewCell.swift; sourceTree = "<group>"; };
		3DD281702AAB4B9B0092A941 /* IGFeedPostActionsTableViewCell.swift */ = {isa = PBXFileReference; lastKnownFileType = sourcecode.swift; path = IGFeedPostActionsTableViewCell.swift; sourceTree = "<group>"; };
		3DD281722AAB4C3F0092A941 /* IGFeedPostGeneralTableViewCell.swift */ = {isa = PBXFileReference; lastKnownFileType = sourcecode.swift; path = IGFeedPostGeneralTableViewCell.swift; sourceTree = "<group>"; };
		3DD281742AABF6440092A941 /* FormTableViewCell.swift */ = {isa = PBXFileReference; lastKnownFileType = sourcecode.swift; path = FormTableViewCell.swift; sourceTree = "<group>"; };
		3DD281772AAC00410092A941 /* PhotoCollectionViewCell.swift */ = {isa = PBXFileReference; lastKnownFileType = sourcecode.swift; path = PhotoCollectionViewCell.swift; sourceTree = "<group>"; };
		3DD281792AAC00A90092A941 /* ProfileInfoHeaderCollectionReusableView.swift */ = {isa = PBXFileReference; lastKnownFileType = sourcecode.swift; path = ProfileInfoHeaderCollectionReusableView.swift; sourceTree = "<group>"; };
		3DD2817B2AAC00EA0092A941 /* ProfileTabsCollectionReusableView.swift */ = {isa = PBXFileReference; lastKnownFileType = sourcecode.swift; path = ProfileTabsCollectionReusableView.swift; sourceTree = "<group>"; };
		3DD2817D2AACBA9A0092A941 /* Models.swift */ = {isa = PBXFileReference; lastKnownFileType = sourcecode.swift; path = Models.swift; sourceTree = "<group>"; };
		3DE7C1282AA8BAC40037EF14 /* DatabaseManager.swift */ = {isa = PBXFileReference; lastKnownFileType = sourcecode.swift; path = DatabaseManager.swift; sourceTree = "<group>"; };
		3DE7C12A2AA8C2A60037EF14 /* AuthManager.swift */ = {isa = PBXFileReference; lastKnownFileType = sourcecode.swift; path = AuthManager.swift; sourceTree = "<group>"; };
		3DE7C12C2AA8C2E40037EF14 /* StorageManager.swift */ = {isa = PBXFileReference; lastKnownFileType = sourcecode.swift; path = StorageManager.swift; sourceTree = "<group>"; };
		A06F823345412FFB6BAB5CF4 /* Pods-Instagram.release.xcconfig */ = {isa = PBXFileReference; includeInIndex = 1; lastKnownFileType = text.xcconfig; name = "Pods-Instagram.release.xcconfig"; path = "Target Support Files/Pods-Instagram/Pods-Instagram.release.xcconfig"; sourceTree = "<group>"; };
		F301C4FBD2D3E3356F019F8B /* Pods-Instagram.debug.xcconfig */ = {isa = PBXFileReference; includeInIndex = 1; lastKnownFileType = text.xcconfig; name = "Pods-Instagram.debug.xcconfig"; path = "Target Support Files/Pods-Instagram/Pods-Instagram.debug.xcconfig"; sourceTree = "<group>"; };
/* End PBXFileReference section */

/* Begin PBXFrameworksBuildPhase section */
		3D1DBD9D2AA8925C004AAC8F /* Frameworks */ = {
			isa = PBXFrameworksBuildPhase;
			buildActionMask = 2147483647;
			files = (
				9BBC88A8959F005EC50A7E2C /* Pods_Instagram.framework in Frameworks */,
			);
			runOnlyForDeploymentPostprocessing = 0;
		};
/* End PBXFrameworksBuildPhase section */

/* Begin PBXGroup section */
		3D1DBD972AA8925C004AAC8F = {
			isa = PBXGroup;
			children = (
				3D1DBDA22AA8925C004AAC8F /* Instagram */,
				3D1DBDA12AA8925C004AAC8F /* Products */,
				FC33985FF136A262D454C3AF /* Pods */,
				9B892CEB0D7BB6A6BBD9F636 /* Frameworks */,
			);
			sourceTree = "<group>";
		};
		3D1DBDA12AA8925C004AAC8F /* Products */ = {
			isa = PBXGroup;
			children = (
				3D1DBDA02AA8925C004AAC8F /* Instagram.app */,
			);
			name = Products;
			sourceTree = "<group>";
		};
		3D1DBDA22AA8925C004AAC8F /* Instagram */ = {
			isa = PBXGroup;
			children = (
				3D1DBDBA2AA892F1004AAC8F /* Resources */,
				3D1DBDB92AA892E9004AAC8F /* Models */,
				3D1DBDB82AA892DC004AAC8F /* Views */,
				3D1DBDB72AA892D0004AAC8F /* Controllers */,
				3D1DBDB12AA8925D004AAC8F /* Info.plist */,
			);
			path = Instagram;
			sourceTree = "<group>";
		};
		3D1DBDB72AA892D0004AAC8F /* Controllers */ = {
			isa = PBXGroup;
			children = (
				3D1DBDC82AA89896004AAC8F /* Other */,
				3D1DBDC72AA89860004AAC8F /* Core Tabs */,
			);
			path = Controllers;
			sourceTree = "<group>";
		};
		3D1DBDB82AA892DC004AAC8F /* Views */ = {
			isa = PBXGroup;
			children = (
				3DD281762AAC00110092A941 /* CollectionView Headers */,
				3DD2816A2AAB486D0092A941 /* Cells */,
				3D1DBDBC2AA89740004AAC8F /* Storyboards */,
				3D1DBDAC2AA8925D004AAC8F /* Assets.xcassets */,
				3D4F13EE2AAEE8EC00208A99 /* NoNotificationView.swift */,
			);
			path = Views;
			sourceTree = "<group>";
		};
		3D1DBDB92AA892E9004AAC8F /* Models */ = {
			isa = PBXGroup;
			children = (
				3DD2817D2AACBA9A0092A941 /* Models.swift */,
			);
			path = Models;
			sourceTree = "<group>";
		};
		3D1DBDBA2AA892F1004AAC8F /* Resources */ = {
			isa = PBXGroup;
			children = (
				3D92024A2B1F19E700CB6805 /* GoogleService-Info.plist */,
				3D1DBDA32AA8925C004AAC8F /* AppDelegate.swift */,
				3D1DBDA52AA8925C004AAC8F /* SceneDelegate.swift */,
				3DE7C1282AA8BAC40037EF14 /* DatabaseManager.swift */,
				3DE7C12A2AA8C2A60037EF14 /* AuthManager.swift */,
				3DE7C12C2AA8C2E40037EF14 /* StorageManager.swift */,
				3DD281682AA9481C0092A941 /* Extensions.swift */,
			);
			path = Resources;
			sourceTree = "<group>";
		};
		3D1DBDBC2AA89740004AAC8F /* Storyboards */ = {
			isa = PBXGroup;
			children = (
				3D1DBDA92AA8925C004AAC8F /* Main.storyboard */,
				3D1DBDAE2AA8925D004AAC8F /* LaunchScreen.storyboard */,
			);
			path = Storyboards;
			sourceTree = "<group>";
		};
		3D1DBDC72AA89860004AAC8F /* Core Tabs */ = {
			isa = PBXGroup;
			children = (
				3D1DBDA72AA8925C004AAC8F /* HomeViewController.swift */,
				3D1DBDBF2AA89832004AAC8F /* ExploreViewController.swift */,
				3D1DBDC12AA8983C004AAC8F /* CameraViewController.swift */,
				3D1DBDC32AA8984D004AAC8F /* NotificationsViewController.swift */,
				3D1DBDC52AA89859004AAC8F /* ProfileViewController.swift */,
			);
			path = "Core Tabs";
			sourceTree = "<group>";
		};
		3D1DBDC82AA89896004AAC8F /* Other */ = {
			isa = PBXGroup;
			children = (
				3D1DBDC92AA898A1004AAC8F /* Onboarding */,
				3DE7C1272AA8B84A0037EF14 /* General */,
			);
			path = Other;
			sourceTree = "<group>";
		};
		3D1DBDC92AA898A1004AAC8F /* Onboarding */ = {
			isa = PBXGroup;
			children = (
				3D1DBDCA2AA898C2004AAC8F /* LoginViewController.swift */,
				3D1DBDCC2AA898D8004AAC8F /* RegistrationViewController.swift */,
			);
			path = Onboarding;
			sourceTree = "<group>";
		};
		3D4F13F02AAEF22400208A99 /* Notifications */ = {
			isa = PBXGroup;
			children = (
				3D4F13F12AAEF25A00208A99 /* NotificationFollowEventTableViewCell.swift */,
				3D4F13F32AAEF26D00208A99 /* NotificationLikeEventTableViewCell.swift */,
			);
			path = Notifications;
			sourceTree = "<group>";
		};
		3DD2816A2AAB486D0092A941 /* Cells */ = {
			isa = PBXGroup;
			children = (
				3D4F13F02AAEF22400208A99 /* Notifications */,
				3DD2816D2AAB4B410092A941 /* Home Feed & Post */,
				3DD281742AABF6440092A941 /* FormTableViewCell.swift */,
				3DD281772AAC00410092A941 /* PhotoCollectionViewCell.swift */,
				3D4F13EC2AAEC15300208A99 /* UserFollowTableViewCell.swift */,
			);
			path = Cells;
			sourceTree = "<group>";
		};
		3DD2816D2AAB4B410092A941 /* Home Feed & Post */ = {
			isa = PBXGroup;
			children = (
				3DD2816B2AAB48AD0092A941 /* IGFeedPostTableViewCell.swift */,
				3DD2816E2AAB4B6A0092A941 /* IGFeedPostHeaderTableViewCell.swift */,
				3DD281702AAB4B9B0092A941 /* IGFeedPostActionsTableViewCell.swift */,
				3DD281722AAB4C3F0092A941 /* IGFeedPostGeneralTableViewCell.swift */,
			);
			path = "Home Feed & Post";
			sourceTree = "<group>";
		};
		3DD281762AAC00110092A941 /* CollectionView Headers */ = {
			isa = PBXGroup;
			children = (
				3DD281792AAC00A90092A941 /* ProfileInfoHeaderCollectionReusableView.swift */,
				3DD2817B2AAC00EA0092A941 /* ProfileTabsCollectionReusableView.swift */,
			);
			path = "CollectionView Headers";
			sourceTree = "<group>";
		};
		3DE7C1272AA8B84A0037EF14 /* General */ = {
			isa = PBXGroup;
			children = (
				3D1DBDD22AA8993A004AAC8F /* SettingsViewController.swift */,
				3D1DBDCE2AA898F8004AAC8F /* PostViewController.swift */,
				3D1DBDD02AA8990F004AAC8F /* EditProfileViewController.swift */,
				3D1DBDD42AA89946004AAC8F /* ListViewController.swift */,
				3D1DBDD62AA8994F004AAC8F /* SearchViewController.swift */,
				3D1DBDD82AA89961004AAC8F /* SearchResultViewController.swift */,
				3D1DBDDA2AA8998A004AAC8F /* PostEditorViewController.swift */,
				3D1DBDDC2AA8999E004AAC8F /* PublishPostViewController.swift */,
			);
			path = General;
			sourceTree = "<group>";
		};
		9B892CEB0D7BB6A6BBD9F636 /* Frameworks */ = {
			isa = PBXGroup;
			children = (
				212DDFCFB2382682CCCE413C /* Pods_Instagram.framework */,
			);
			name = Frameworks;
			sourceTree = "<group>";
		};
		FC33985FF136A262D454C3AF /* Pods */ = {
			isa = PBXGroup;
			children = (
				F301C4FBD2D3E3356F019F8B /* Pods-Instagram.debug.xcconfig */,
				A06F823345412FFB6BAB5CF4 /* Pods-Instagram.release.xcconfig */,
			);
			path = Pods;
			sourceTree = "<group>";
		};
/* End PBXGroup section */

/* Begin PBXNativeTarget section */
		3D1DBD9F2AA8925C004AAC8F /* Instagram */ = {
			isa = PBXNativeTarget;
			buildConfigurationList = 3D1DBDB42AA8925D004AAC8F /* Build configuration list for PBXNativeTarget "Instagram" */;
			buildPhases = (
				9344DE8012546CEE73B7F795 /* [CP] Check Pods Manifest.lock */,
				3D1DBD9C2AA8925C004AAC8F /* Sources */,
				3D1DBD9D2AA8925C004AAC8F /* Frameworks */,
				3D1DBD9E2AA8925C004AAC8F /* Resources */,
				2EDD6EAC987B5707372355D5 /* [CP] Embed Pods Frameworks */,
			);
			buildRules = (
			);
			dependencies = (
			);
			name = Instagram;
			productName = Instagram;
			productReference = 3D1DBDA02AA8925C004AAC8F /* Instagram.app */;
			productType = "com.apple.product-type.application";
		};
/* End PBXNativeTarget section */

/* Begin PBXProject section */
		3D1DBD982AA8925C004AAC8F /* Project object */ = {
			isa = PBXProject;
			attributes = {
				BuildIndependentTargetsInParallel = 1;
				LastSwiftUpdateCheck = 1430;
				LastUpgradeCheck = 1430;
				TargetAttributes = {
					3D1DBD9F2AA8925C004AAC8F = {
						CreatedOnToolsVersion = 14.3.1;
					};
				};
			};
			buildConfigurationList = 3D1DBD9B2AA8925C004AAC8F /* Build configuration list for PBXProject "Instagram" */;
			compatibilityVersion = "Xcode 14.0";
			developmentRegion = en;
			hasScannedForEncodings = 0;
			knownRegions = (
				en,
				Base,
			);
			mainGroup = 3D1DBD972AA8925C004AAC8F;
			productRefGroup = 3D1DBDA12AA8925C004AAC8F /* Products */;
			projectDirPath = "";
			projectRoot = "";
			targets = (
				3D1DBD9F2AA8925C004AAC8F /* Instagram */,
			);
		};
/* End PBXProject section */

/* Begin PBXResourcesBuildPhase section */
		3D1DBD9E2AA8925C004AAC8F /* Resources */ = {
			isa = PBXResourcesBuildPhase;
			buildActionMask = 2147483647;
			files = (
				3D1DBDB02AA8925D004AAC8F /* LaunchScreen.storyboard in Resources */,
				3D92024B2B1F19E700CB6805 /* GoogleService-Info.plist in Resources */,
				3D1DBDAD2AA8925D004AAC8F /* Assets.xcassets in Resources */,
				3D1DBDAB2AA8925C004AAC8F /* Main.storyboard in Resources */,
			);
			runOnlyForDeploymentPostprocessing = 0;
		};
/* End PBXResourcesBuildPhase section */

/* Begin PBXShellScriptBuildPhase section */
		2EDD6EAC987B5707372355D5 /* [CP] Embed Pods Frameworks */ = {
			isa = PBXShellScriptBuildPhase;
			buildActionMask = 2147483647;
			files = (
			);
			inputFileListPaths = (
				"${PODS_ROOT}/Target Support Files/Pods-Instagram/Pods-Instagram-frameworks-${CONFIGURATION}-input-files.xcfilelist",
			);
			name = "[CP] Embed Pods Frameworks";
			outputFileListPaths = (
				"${PODS_ROOT}/Target Support Files/Pods-Instagram/Pods-Instagram-frameworks-${CONFIGURATION}-output-files.xcfilelist",
			);
			runOnlyForDeploymentPostprocessing = 0;
			shellPath = /bin/sh;
			shellScript = "\"${PODS_ROOT}/Target Support Files/Pods-Instagram/Pods-Instagram-frameworks.sh\"\n";
			showEnvVarsInLog = 0;
		};
		9344DE8012546CEE73B7F795 /* [CP] Check Pods Manifest.lock */ = {
			isa = PBXShellScriptBuildPhase;
			buildActionMask = 2147483647;
			files = (
			);
			inputFileListPaths = (
			);
			inputPaths = (
				"${PODS_PODFILE_DIR_PATH}/Podfile.lock",
				"${PODS_ROOT}/Manifest.lock",
			);
			name = "[CP] Check Pods Manifest.lock";
			outputFileListPaths = (
			);
			outputPaths = (
				"$(DERIVED_FILE_DIR)/Pods-Instagram-checkManifestLockResult.txt",
			);
			runOnlyForDeploymentPostprocessing = 0;
			shellPath = /bin/sh;
			shellScript = "diff \"${PODS_PODFILE_DIR_PATH}/Podfile.lock\" \"${PODS_ROOT}/Manifest.lock\" > /dev/null\nif [ $? != 0 ] ; then\n    # print error to STDERR\n    echo \"error: The sandbox is not in sync with the Podfile.lock. Run 'pod install' or update your CocoaPods installation.\" >&2\n    exit 1\nfi\n# This output is used by Xcode 'outputs' to avoid re-running this script phase.\necho \"SUCCESS\" > \"${SCRIPT_OUTPUT_FILE_0}\"\n";
			showEnvVarsInLog = 0;
		};
/* End PBXShellScriptBuildPhase section */

/* Begin PBXSourcesBuildPhase section */
		3D1DBD9C2AA8925C004AAC8F /* Sources */ = {
			isa = PBXSourcesBuildPhase;
			buildActionMask = 2147483647;
			files = (
				3D1DBDD12AA8990F004AAC8F /* EditProfileViewController.swift in Sources */,
				3D1DBDC02AA89832004AAC8F /* ExploreViewController.swift in Sources */,
				3D1DBDDD2AA8999E004AAC8F /* PublishPostViewController.swift in Sources */,
				3D1DBDC22AA8983C004AAC8F /* CameraViewController.swift in Sources */,
				3D1DBDA82AA8925C004AAC8F /* HomeViewController.swift in Sources */,
				3D1DBDCD2AA898D8004AAC8F /* RegistrationViewController.swift in Sources */,
				3DD2816F2AAB4B6A0092A941 /* IGFeedPostHeaderTableViewCell.swift in Sources */,
				3D1DBDDB2AA8998A004AAC8F /* PostEditorViewController.swift in Sources */,
				3D4F13F22AAEF25A00208A99 /* NotificationFollowEventTableViewCell.swift in Sources */,
				3DE7C12D2AA8C2E40037EF14 /* StorageManager.swift in Sources */,
				3D4F13ED2AAEC15300208A99 /* UserFollowTableViewCell.swift in Sources */,
				3DD2817E2AACBA9A0092A941 /* Models.swift in Sources */,
				3DD281752AABF6440092A941 /* FormTableViewCell.swift in Sources */,
				3D1DBDCF2AA898F8004AAC8F /* PostViewController.swift in Sources */,
				3DD2817C2AAC00EA0092A941 /* ProfileTabsCollectionReusableView.swift in Sources */,
				3DE7C1292AA8BAC40037EF14 /* DatabaseManager.swift in Sources */,
				3D1DBDC42AA8984D004AAC8F /* NotificationsViewController.swift in Sources */,
				3DD2816C2AAB48AD0092A941 /* IGFeedPostTableViewCell.swift in Sources */,
				3DD281782AAC00410092A941 /* PhotoCollectionViewCell.swift in Sources */,
				3D4F13EF2AAEE8EC00208A99 /* NoNotificationView.swift in Sources */,
				3D1DBDD92AA89961004AAC8F /* SearchResultViewController.swift in Sources */,
				3D1DBDCB2AA898C2004AAC8F /* LoginViewController.swift in Sources */,
				3DD281692AA9481C0092A941 /* Extensions.swift in Sources */,
				3DD281732AAB4C3F0092A941 /* IGFeedPostGeneralTableViewCell.swift in Sources */,
				3D4F13F42AAEF26D00208A99 /* NotificationLikeEventTableViewCell.swift in Sources */,
				3D1DBDD72AA8994F004AAC8F /* SearchViewController.swift in Sources */,
				3DD2817A2AAC00A90092A941 /* ProfileInfoHeaderCollectionReusableView.swift in Sources */,
				3D1DBDC62AA89859004AAC8F /* ProfileViewController.swift in Sources */,
				3DE7C12B2AA8C2A60037EF14 /* AuthManager.swift in Sources */,
				3D1DBDA42AA8925C004AAC8F /* AppDelegate.swift in Sources */,
				3D1DBDA62AA8925C004AAC8F /* SceneDelegate.swift in Sources */,
				3DD281712AAB4B9B0092A941 /* IGFeedPostActionsTableViewCell.swift in Sources */,
				3D1DBDD52AA89946004AAC8F /* ListViewController.swift in Sources */,
				3D1DBDD32AA8993A004AAC8F /* SettingsViewController.swift in Sources */,
			);
			runOnlyForDeploymentPostprocessing = 0;
		};
/* End PBXSourcesBuildPhase section */

/* Begin PBXVariantGroup section */
		3D1DBDA92AA8925C004AAC8F /* Main.storyboard */ = {
			isa = PBXVariantGroup;
			children = (
				3D1DBDAA2AA8925C004AAC8F /* Base */,
			);
			name = Main.storyboard;
			sourceTree = "<group>";
		};
		3D1DBDAE2AA8925D004AAC8F /* LaunchScreen.storyboard */ = {
			isa = PBXVariantGroup;
			children = (
				3D1DBDAF2AA8925D004AAC8F /* Base */,
			);
			name = LaunchScreen.storyboard;
			sourceTree = "<group>";
		};
/* End PBXVariantGroup section */

/* Begin XCBuildConfiguration section */
		3D1DBDB22AA8925D004AAC8F /* Debug */ = {
			isa = XCBuildConfiguration;
			buildSettings = {
				ALWAYS_SEARCH_USER_PATHS = NO;
				CLANG_ANALYZER_NONNULL = YES;
				CLANG_ANALYZER_NUMBER_OBJECT_CONVERSION = YES_AGGRESSIVE;
				CLANG_CXX_LANGUAGE_STANDARD = "gnu++20";
				CLANG_ENABLE_MODULES = YES;
				CLANG_ENABLE_OBJC_ARC = YES;
				CLANG_ENABLE_OBJC_WEAK = YES;
				CLANG_WARN_BLOCK_CAPTURE_AUTORELEASING = YES;
				CLANG_WARN_BOOL_CONVERSION = YES;
				CLANG_WARN_COMMA = YES;
				CLANG_WARN_CONSTANT_CONVERSION = YES;
				CLANG_WARN_DEPRECATED_OBJC_IMPLEMENTATIONS = YES;
				CLANG_WARN_DIRECT_OBJC_ISA_USAGE = YES_ERROR;
				CLANG_WARN_DOCUMENTATION_COMMENTS = YES;
				CLANG_WARN_EMPTY_BODY = YES;
				CLANG_WARN_ENUM_CONVERSION = YES;
				CLANG_WARN_INFINITE_RECURSION = YES;
				CLANG_WARN_INT_CONVERSION = YES;
				CLANG_WARN_NON_LITERAL_NULL_CONVERSION = YES;
				CLANG_WARN_OBJC_IMPLICIT_RETAIN_SELF = YES;
				CLANG_WARN_OBJC_LITERAL_CONVERSION = YES;
				CLANG_WARN_OBJC_ROOT_CLASS = YES_ERROR;
				CLANG_WARN_QUOTED_INCLUDE_IN_FRAMEWORK_HEADER = YES;
				CLANG_WARN_RANGE_LOOP_ANALYSIS = YES;
				CLANG_WARN_STRICT_PROTOTYPES = YES;
				CLANG_WARN_SUSPICIOUS_MOVE = YES;
				CLANG_WARN_UNGUARDED_AVAILABILITY = YES_AGGRESSIVE;
				CLANG_WARN_UNREACHABLE_CODE = YES;
				CLANG_WARN__DUPLICATE_METHOD_MATCH = YES;
				COPY_PHASE_STRIP = NO;
				DEBUG_INFORMATION_FORMAT = dwarf;
				ENABLE_STRICT_OBJC_MSGSEND = YES;
				ENABLE_TESTABILITY = YES;
				GCC_C_LANGUAGE_STANDARD = gnu11;
				GCC_DYNAMIC_NO_PIC = NO;
				GCC_NO_COMMON_BLOCKS = YES;
				GCC_OPTIMIZATION_LEVEL = 0;
				GCC_PREPROCESSOR_DEFINITIONS = (
					"DEBUG=1",
					"$(inherited)",
				);
				GCC_WARN_64_TO_32_BIT_CONVERSION = YES;
				GCC_WARN_ABOUT_RETURN_TYPE = YES_ERROR;
				GCC_WARN_UNDECLARED_SELECTOR = YES;
				GCC_WARN_UNINITIALIZED_AUTOS = YES_AGGRESSIVE;
				GCC_WARN_UNUSED_FUNCTION = YES;
				GCC_WARN_UNUSED_VARIABLE = YES;
				IPHONEOS_DEPLOYMENT_TARGET = 16.4;
				MTL_ENABLE_DEBUG_INFO = INCLUDE_SOURCE;
				MTL_FAST_MATH = YES;
				ONLY_ACTIVE_ARCH = YES;
				SDKROOT = iphoneos;
				SWIFT_ACTIVE_COMPILATION_CONDITIONS = DEBUG;
				SWIFT_OPTIMIZATION_LEVEL = "-Onone";
			};
			name = Debug;
		};
		3D1DBDB32AA8925D004AAC8F /* Release */ = {
			isa = XCBuildConfiguration;
			buildSettings = {
				ALWAYS_SEARCH_USER_PATHS = NO;
				CLANG_ANALYZER_NONNULL = YES;
				CLANG_ANALYZER_NUMBER_OBJECT_CONVERSION = YES_AGGRESSIVE;
				CLANG_CXX_LANGUAGE_STANDARD = "gnu++20";
				CLANG_ENABLE_MODULES = YES;
				CLANG_ENABLE_OBJC_ARC = YES;
				CLANG_ENABLE_OBJC_WEAK = YES;
				CLANG_WARN_BLOCK_CAPTURE_AUTORELEASING = YES;
				CLANG_WARN_BOOL_CONVERSION = YES;
				CLANG_WARN_COMMA = YES;
				CLANG_WARN_CONSTANT_CONVERSION = YES;
				CLANG_WARN_DEPRECATED_OBJC_IMPLEMENTATIONS = YES;
				CLANG_WARN_DIRECT_OBJC_ISA_USAGE = YES_ERROR;
				CLANG_WARN_DOCUMENTATION_COMMENTS = YES;
				CLANG_WARN_EMPTY_BODY = YES;
				CLANG_WARN_ENUM_CONVERSION = YES;
				CLANG_WARN_INFINITE_RECURSION = YES;
				CLANG_WARN_INT_CONVERSION = YES;
				CLANG_WARN_NON_LITERAL_NULL_CONVERSION = YES;
				CLANG_WARN_OBJC_IMPLICIT_RETAIN_SELF = YES;
				CLANG_WARN_OBJC_LITERAL_CONVERSION = YES;
				CLANG_WARN_OBJC_ROOT_CLASS = YES_ERROR;
				CLANG_WARN_QUOTED_INCLUDE_IN_FRAMEWORK_HEADER = YES;
				CLANG_WARN_RANGE_LOOP_ANALYSIS = YES;
				CLANG_WARN_STRICT_PROTOTYPES = YES;
				CLANG_WARN_SUSPICIOUS_MOVE = YES;
				CLANG_WARN_UNGUARDED_AVAILABILITY = YES_AGGRESSIVE;
				CLANG_WARN_UNREACHABLE_CODE = YES;
				CLANG_WARN__DUPLICATE_METHOD_MATCH = YES;
				COPY_PHASE_STRIP = NO;
				DEBUG_INFORMATION_FORMAT = "dwarf-with-dsym";
				ENABLE_NS_ASSERTIONS = NO;
				ENABLE_STRICT_OBJC_MSGSEND = YES;
				GCC_C_LANGUAGE_STANDARD = gnu11;
				GCC_NO_COMMON_BLOCKS = YES;
				GCC_WARN_64_TO_32_BIT_CONVERSION = YES;
				GCC_WARN_ABOUT_RETURN_TYPE = YES_ERROR;
				GCC_WARN_UNDECLARED_SELECTOR = YES;
				GCC_WARN_UNINITIALIZED_AUTOS = YES_AGGRESSIVE;
				GCC_WARN_UNUSED_FUNCTION = YES;
				GCC_WARN_UNUSED_VARIABLE = YES;
				IPHONEOS_DEPLOYMENT_TARGET = 16.4;
				MTL_ENABLE_DEBUG_INFO = NO;
				MTL_FAST_MATH = YES;
				SDKROOT = iphoneos;
				SWIFT_COMPILATION_MODE = wholemodule;
				SWIFT_OPTIMIZATION_LEVEL = "-O";
				VALIDATE_PRODUCT = YES;
			};
			name = Release;
		};
		3D1DBDB52AA8925D004AAC8F /* Debug */ = {
			isa = XCBuildConfiguration;
			baseConfigurationReference = F301C4FBD2D3E3356F019F8B /* Pods-Instagram.debug.xcconfig */;
			buildSettings = {
				ASSETCATALOG_COMPILER_APPICON_NAME = AppIcon;
				ASSETCATALOG_COMPILER_GLOBAL_ACCENT_COLOR_NAME = AccentColor;
				CODE_SIGN_STYLE = Automatic;
				CURRENT_PROJECT_VERSION = 1;
				DEVELOPMENT_TEAM = VJFD5DRS6S;
				GENERATE_INFOPLIST_FILE = YES;
				INFOPLIST_FILE = Instagram/Info.plist;
				INFOPLIST_KEY_UIApplicationSupportsIndirectInputEvents = YES;
				INFOPLIST_KEY_UILaunchStoryboardName = LaunchScreen;
				INFOPLIST_KEY_UIMainStoryboardFile = Main;
				INFOPLIST_KEY_UISupportedInterfaceOrientations = UIInterfaceOrientationPortrait;
				IPHONEOS_DEPLOYMENT_TARGET = 13.6;
				LD_RUNPATH_SEARCH_PATHS = (
					"$(inherited)",
					"@executable_path/Frameworks",
				);
				MARKETING_VERSION = 1.0;
				PRODUCT_BUNDLE_IDENTIFIER = com.seattle.Instagram;
				PRODUCT_NAME = "$(TARGET_NAME)";
				SUPPORTED_PLATFORMS = "iphoneos iphonesimulator";
				SUPPORTS_MACCATALYST = NO;
				SUPPORTS_MAC_DESIGNED_FOR_IPHONE_IPAD = NO;
				SWIFT_EMIT_LOC_STRINGS = YES;
				SWIFT_VERSION = 5.0;
				TARGETED_DEVICE_FAMILY = "1,2";
			};
			name = Debug;
		};
		3D1DBDB62AA8925D004AAC8F /* Release */ = {
			isa = XCBuildConfiguration;
			baseConfigurationReference = A06F823345412FFB6BAB5CF4 /* Pods-Instagram.release.xcconfig */;
			buildSettings = {
				ASSETCATALOG_COMPILER_APPICON_NAME = AppIcon;
				ASSETCATALOG_COMPILER_GLOBAL_ACCENT_COLOR_NAME = AccentColor;
				CODE_SIGN_STYLE = Automatic;
				CURRENT_PROJECT_VERSION = 1;
				DEVELOPMENT_TEAM = VJFD5DRS6S;
				GENERATE_INFOPLIST_FILE = YES;
				INFOPLIST_FILE = Instagram/Info.plist;
				INFOPLIST_KEY_UIApplicationSupportsIndirectInputEvents = YES;
				INFOPLIST_KEY_UILaunchStoryboardName = LaunchScreen;
				INFOPLIST_KEY_UIMainStoryboardFile = Main;
				INFOPLIST_KEY_UISupportedInterfaceOrientations = UIInterfaceOrientationPortrait;
				IPHONEOS_DEPLOYMENT_TARGET = 13.6;
				LD_RUNPATH_SEARCH_PATHS = (
					"$(inherited)",
					"@executable_path/Frameworks",
				);
				MARKETING_VERSION = 1.0;
				PRODUCT_BUNDLE_IDENTIFIER = com.seattle.Instagram;
				PRODUCT_NAME = "$(TARGET_NAME)";
				SUPPORTED_PLATFORMS = "iphoneos iphonesimulator";
				SUPPORTS_MACCATALYST = NO;
				SUPPORTS_MAC_DESIGNED_FOR_IPHONE_IPAD = NO;
				SWIFT_EMIT_LOC_STRINGS = YES;
				SWIFT_VERSION = 5.0;
				TARGETED_DEVICE_FAMILY = "1,2";
			};
			name = Release;
		};
/* End XCBuildConfiguration section */

/* Begin XCConfigurationList section */
		3D1DBD9B2AA8925C004AAC8F /* Build configuration list for PBXProject "Instagram" */ = {
			isa = XCConfigurationList;
			buildConfigurations = (
				3D1DBDB22AA8925D004AAC8F /* Debug */,
				3D1DBDB32AA8925D004AAC8F /* Release */,
			);
			defaultConfigurationIsVisible = 0;
			defaultConfigurationName = Release;
		};
		3D1DBDB42AA8925D004AAC8F /* Build configuration list for PBXNativeTarget "Instagram" */ = {
			isa = XCConfigurationList;
			buildConfigurations = (
				3D1DBDB52AA8925D004AAC8F /* Debug */,
				3D1DBDB62AA8925D004AAC8F /* Release */,
			);
			defaultConfigurationIsVisible = 0;
			defaultConfigurationName = Release;
		};
/* End XCConfigurationList section */
	};
	rootObject = 3D1DBD982AA8925C004AAC8F /* Project object */;
}
